
Microsoft Visual Studio Solution File, Format Version 12.00
# Visual Studio Version 16
VisualStudioVersion = 16.0.31515.178
MinimumVisualStudioVersion = 10.0.40219.1
Project("{FAE04EC0-301F-11D3-BF4B-00C04F79EFBC}") = "grpc-demo-client", "grpc-demo-client\grpc-demo-client.csproj", "{5BBFE036-B097-40D5-98BC-0EC032580118}"
EndProject
Project("{FAE04EC0-301F-11D3-BF4B-00C04F79EFBC}") = "grpc-demo-common", "grpc-demo-common\grpc-demo-common.csproj", "{F8079D29-17A4-4EC9-94BB-E87BCDD76541}"
EndProject
Project("{FAE04EC0-301F-11D3-BF4B-00C04F79EFBC}") = "grpc-demo-server", "grpc-demo-server\grpc-demo-server.csproj", "{A14778B4-4210-4080-9CF9-B3195EE2456B}"
EndProject
Global
	GlobalSection(SolutionConfigurationPlatforms) = preSolution
		Debug|Any CPU = Debug|Any CPU
		Release|Any CPU = Release|Any CPU
	EndGlobalSection
	GlobalSection(ProjectConfigurationPlatforms) = postSolution
		{5BBFE036-B097-40D5-98BC-0EC032580118}.Debug|Any CPU.ActiveCfg = Debug|Any CPU
		{5BBFE036-B097-40D5-98BC-0EC032580118}.Debug|Any CPU.Build.0 = Debug|Any CPU
		{5BBFE036-B097-40D5-98BC-0EC032580118}.Release|Any CPU.ActiveCfg = Release|Any CPU
		{5BBFE036-B097-40D5-98BC-0EC032580118}.Release|Any CPU.Build.0 = Release|Any CPU
		{F8079D29-17A4-4EC9-94BB-E87BCDD76541}.Debug|Any CPU.ActiveCfg = Debug|Any CPU
		{F8079D29-17A4-4EC9-94BB-E87BCDD76541}.Debug|Any CPU.Build.0 = Debug|Any CPU
		{F8079D29-17A4-4EC9-94BB-E87BCDD76541}.Release|Any CPU.ActiveCfg = Release|Any CPU
		{F8079D29-17A4-4EC9-94BB-E87BCDD76541}.Release|Any CPU.Build.0 = Release|Any CPU
		{A14778B4-4210-4080-9CF9-B3195EE2456B}.Debug|Any CPU.ActiveCfg = Debug|Any CPU
		{A14778B4-4210-4080-9CF9-B3195EE2456B}.Debug|Any CPU.Build.0 = Debug|Any CPU
		{A14778B4-4210-4080-9CF9-B3195EE2456B}.Release|Any CPU.ActiveCfg = Release|Any CPU
		{A14778B4-4210-4080-9CF9-B3195EE2456B}.Release|Any CPU.Build.0 = Release|Any CPU
	EndGlobalSection
	GlobalSection(SolutionProperties) = preSolution
		HideSolutionNode = FALSE
	EndGlobalSection
	GlobalSection(ExtensibilityGlobals) = postSolution
		SolutionGuid = {053B2F3D-41FD-4C74-AABF-E538B0678CD7}
	EndGlobalSection
EndGlobal
